// !$*UTF8*$!
{
	archiveVersion = 1;
	classes = {
	};
	objectVersion = 55;
	objects = {

/* Begin PBXBuildFile section */
		AF2DED762824BCCF002E9264 /* TabBarViewController.swift in Sources */ = {isa = PBXBuildFile; fileRef = AF2DED752824BCCF002E9264 /* TabBarViewController.swift */; };
		AF2DED782824BD4A002E9264 /* HomeViewController.swift in Sources */ = {isa = PBXBuildFile; fileRef = AF2DED772824BD4A002E9264 /* HomeViewController.swift */; };
		AF2DED7A2824BD58002E9264 /* SearchViewController.swift in Sources */ = {isa = PBXBuildFile; fileRef = AF2DED792824BD58002E9264 /* SearchViewController.swift */; };
		AF2DED7C2824BD84002E9264 /* NotificationsViewController.swift in Sources */ = {isa = PBXBuildFile; fileRef = AF2DED7B2824BD84002E9264 /* NotificationsViewController.swift */; };
		AF2DED7E2824BD98002E9264 /* SettingsViewController.swift in Sources */ = {isa = PBXBuildFile; fileRef = AF2DED7D2824BD98002E9264 /* SettingsViewController.swift */; };
		AFD853BA2825632E00D080D4 /* APICaller.swift in Sources */ = {isa = PBXBuildFile; fileRef = AFD853B92825632E00D080D4 /* APICaller.swift */; };
		AFD853BD2825682800D080D4 /* VolumeStreamsResponse.swift in Sources */ = {isa = PBXBuildFile; fileRef = AFD853BC2825682800D080D4 /* VolumeStreamsResponse.swift */; };
		AFD853C32825784E00D080D4 /* HomeTweetTableViewCell.swift in Sources */ = {isa = PBXBuildFile; fileRef = AFD853C22825784E00D080D4 /* HomeTweetTableViewCell.swift */; };
		AFD853C628257D9500D080D4 /* HomeTweetViewCellViewModel.swift in Sources */ = {isa = PBXBuildFile; fileRef = AFD853C528257D9500D080D4 /* HomeTweetViewCellViewModel.swift */; };
		AFDBA2272824B98B00085DDC /* AppDelegate.swift in Sources */ = {isa = PBXBuildFile; fileRef = AFDBA2262824B98B00085DDC /* AppDelegate.swift */; };
		AFDBA2292824B98B00085DDC /* SceneDelegate.swift in Sources */ = {isa = PBXBuildFile; fileRef = AFDBA2282824B98B00085DDC /* SceneDelegate.swift */; };
		AFDBA22B2824B98B00085DDC /* ViewController.swift in Sources */ = {isa = PBXBuildFile; fileRef = AFDBA22A2824B98B00085DDC /* ViewController.swift */; };
		AFDBA2312824B98B00085DDC /* TwitterClone.xcdatamodeld in Sources */ = {isa = PBXBuildFile; fileRef = AFDBA22F2824B98B00085DDC /* TwitterClone.xcdatamodeld */; };
		AFDBA2332824B98D00085DDC /* Assets.xcassets in Resources */ = {isa = PBXBuildFile; fileRef = AFDBA2322824B98D00085DDC /* Assets.xcassets */; };
		AFDBA2362824B98D00085DDC /* LaunchScreen.storyboard in Resources */ = {isa = PBXBuildFile; fileRef = AFDBA2342824B98D00085DDC /* LaunchScreen.storyboard */; };
/* End PBXBuildFile section */

/* Begin PBXFileReference section */
		AF2DED752824BCCF002E9264 /* TabBarViewController.swift */ = {isa = PBXFileReference; lastKnownFileType = sourcecode.swift; path = TabBarViewController.swift; sourceTree = "<group>"; };
		AF2DED772824BD4A002E9264 /* HomeViewController.swift */ = {isa = PBXFileReference; lastKnownFileType = sourcecode.swift; path = HomeViewController.swift; sourceTree = "<group>"; };
		AF2DED792824BD58002E9264 /* SearchViewController.swift */ = {isa = PBXFileReference; lastKnownFileType = sourcecode.swift; path = SearchViewController.swift; sourceTree = "<group>"; };
		AF2DED7B2824BD84002E9264 /* NotificationsViewController.swift */ = {isa = PBXFileReference; lastKnownFileType = sourcecode.swift; path = NotificationsViewController.swift; sourceTree = "<group>"; };
		AF2DED7D2824BD98002E9264 /* SettingsViewController.swift */ = {isa = PBXFileReference; lastKnownFileType = sourcecode.swift; path = SettingsViewController.swift; sourceTree = "<group>"; };
		AFD853B92825632E00D080D4 /* APICaller.swift */ = {isa = PBXFileReference; lastKnownFileType = sourcecode.swift; path = APICaller.swift; sourceTree = "<group>"; };
		AFD853BC2825682800D080D4 /* VolumeStreamsResponse.swift */ = {isa = PBXFileReference; lastKnownFileType = sourcecode.swift; path = VolumeStreamsResponse.swift; sourceTree = "<group>"; };
		AFD853C22825784E00D080D4 /* HomeTweetTableViewCell.swift */ = {isa = PBXFileReference; lastKnownFileType = sourcecode.swift; path = HomeTweetTableViewCell.swift; sourceTree = "<group>"; };
		AFD853C528257D9500D080D4 /* HomeTweetViewCellViewModel.swift */ = {isa = PBXFileReference; lastKnownFileType = sourcecode.swift; path = HomeTweetViewCellViewModel.swift; sourceTree = "<group>"; };
		AFDBA2232824B98B00085DDC /* TwitterClone.app */ = {isa = PBXFileReference; explicitFileType = wrapper.application; includeInIndex = 0; path = TwitterClone.app; sourceTree = BUILT_PRODUCTS_DIR; };
		AFDBA2262824B98B00085DDC /* AppDelegate.swift */ = {isa = PBXFileReference; lastKnownFileType = sourcecode.swift; path = AppDelegate.swift; sourceTree = "<group>"; };
		AFDBA2282824B98B00085DDC /* SceneDelegate.swift */ = {isa = PBXFileReference; lastKnownFileType = sourcecode.swift; path = SceneDelegate.swift; sourceTree = "<group>"; };
		AFDBA22A2824B98B00085DDC /* ViewController.swift */ = {isa = PBXFileReference; lastKnownFileType = sourcecode.swift; path = ViewController.swift; sourceTree = "<group>"; };
		AFDBA2302824B98B00085DDC /* TwitterClone.xcdatamodel */ = {isa = PBXFileReference; lastKnownFileType = wrapper.xcdatamodel; path = TwitterClone.xcdatamodel; sourceTree = "<group>"; };
		AFDBA2322824B98D00085DDC /* Assets.xcassets */ = {isa = PBXFileReference; lastKnownFileType = folder.assetcatalog; path = Assets.xcassets; sourceTree = "<group>"; };
		AFDBA2352824B98D00085DDC /* Base */ = {isa = PBXFileReference; lastKnownFileType = file.storyboard; name = Base; path = Base.lproj/LaunchScreen.storyboard; sourceTree = "<group>"; };
		AFDBA2372824B98D00085DDC /* Info.plist */ = {isa = PBXFileReference; lastKnownFileType = text.plist.xml; path = Info.plist; sourceTree = "<group>"; };
/* End PBXFileReference section */

/* Begin PBXFrameworksBuildPhase section */
		AFDBA2202824B98B00085DDC /* Frameworks */ = {
			isa = PBXFrameworksBuildPhase;
			buildActionMask = 2147483647;
			files = (
			);
			runOnlyForDeploymentPostprocessing = 0;
		};
/* End PBXFrameworksBuildPhase section */

/* Begin PBXGroup section */
		AF2DED742824BC71002E9264 /* Controllers */ = {
			isa = PBXGroup;
			children = (
				AF2DED752824BCCF002E9264 /* TabBarViewController.swift */,
				AF2DED772824BD4A002E9264 /* HomeViewController.swift */,
				AF2DED792824BD58002E9264 /* SearchViewController.swift */,
				AF2DED7B2824BD84002E9264 /* NotificationsViewController.swift */,
				AF2DED7D2824BD98002E9264 /* SettingsViewController.swift */,
			);
			path = Controllers;
			sourceTree = "<group>";
		};
		AFD853B82825631C00D080D4 /* Managers */ = {
			isa = PBXGroup;
			children = (
				AFD853B92825632E00D080D4 /* APICaller.swift */,
			);
			path = Managers;
			sourceTree = "<group>";
		};
		AFD853BB2825680600D080D4 /* Models */ = {
			isa = PBXGroup;
			children = (
				AFD853BE2825683000D080D4 /* API Responses */,
			);
			path = Models;
			sourceTree = "<group>";
		};
		AFD853BE2825683000D080D4 /* API Responses */ = {
			isa = PBXGroup;
			children = (
				AFD853BC2825682800D080D4 /* VolumeStreamsResponse.swift */,
			);
			path = "API Responses";
			sourceTree = "<group>";
		};
		AFD853BF282577C400D080D4 /* Views */ = {
			isa = PBXGroup;
			children = (
				AFD853C22825784E00D080D4 /* HomeTweetTableViewCell.swift */,
			);
			path = Views;
			sourceTree = "<group>";
		};
		AFD853C428257D7A00D080D4 /* ViewModels */ = {
			isa = PBXGroup;
			children = (
				AFD853C528257D9500D080D4 /* HomeTweetViewCellViewModel.swift */,
			);
			path = ViewModels;
			sourceTree = "<group>";
		};
		AFDBA21A2824B98B00085DDC = {
			isa = PBXGroup;
			children = (
				AFDBA2252824B98B00085DDC /* TwitterClone */,
				AFDBA2242824B98B00085DDC /* Products */,
			);
			sourceTree = "<group>";
		};
		AFDBA2242824B98B00085DDC /* Products */ = {
			isa = PBXGroup;
			children = (
				AFDBA2232824B98B00085DDC /* TwitterClone.app */,
			);
			name = Products;
			sourceTree = "<group>";
		};
		AFDBA2252824B98B00085DDC /* TwitterClone */ = {
			isa = PBXGroup;
			children = (
				AFD853C428257D7A00D080D4 /* ViewModels */,
				AFD853BF282577C400D080D4 /* Views */,
				AFD853BB2825680600D080D4 /* Models */,
				AFD853B82825631C00D080D4 /* Managers */,
				AF2DED742824BC71002E9264 /* Controllers */,
				AFDBA2262824B98B00085DDC /* AppDelegate.swift */,
				AFDBA2282824B98B00085DDC /* SceneDelegate.swift */,
				AFDBA22A2824B98B00085DDC /* ViewController.swift */,
				AFDBA2322824B98D00085DDC /* Assets.xcassets */,
				AFDBA2342824B98D00085DDC /* LaunchScreen.storyboard */,
				AFDBA2372824B98D00085DDC /* Info.plist */,
				AFDBA22F2824B98B00085DDC /* TwitterClone.xcdatamodeld */,
			);
			path = TwitterClone;
			sourceTree = "<group>";
		};
/* End PBXGroup section */

/* Begin PBXNativeTarget section */
		AFDBA2222824B98B00085DDC /* TwitterClone */ = {
			isa = PBXNativeTarget;
			buildConfigurationList = AFDBA23A2824B98D00085DDC /* Build configuration list for PBXNativeTarget "TwitterClone" */;
			buildPhases = (
				AFDBA21F2824B98B00085DDC /* Sources */,
				AFDBA2202824B98B00085DDC /* Frameworks */,
				AFDBA2212824B98B00085DDC /* Resources */,
			);
			buildRules = (
			);
			dependencies = (
			);
			name = TwitterClone;
			productName = TwitterClone;
			productReference = AFDBA2232824B98B00085DDC /* TwitterClone.app */;
			productType = "com.apple.product-type.application";
		};
/* End PBXNativeTarget section */

/* Begin PBXProject section */
		AFDBA21B2824B98B00085DDC /* Project object */ = {
			isa = PBXProject;
			attributes = {
				BuildIndependentTargetsInParallel = 1;
				LastSwiftUpdateCheck = 1320;
				LastUpgradeCheck = 1320;
				TargetAttributes = {
					AFDBA2222824B98B00085DDC = {
						CreatedOnToolsVersion = 13.2.1;
					};
				};
			};
			buildConfigurationList = AFDBA21E2824B98B00085DDC /* Build configuration list for PBXProject "TwitterClone" */;
			compatibilityVersion = "Xcode 13.0";
			developmentRegion = en;
			hasScannedForEncodings = 0;
			knownRegions = (
				en,
				Base,
			);
			mainGroup = AFDBA21A2824B98B00085DDC;
			productRefGroup = AFDBA2242824B98B00085DDC /* Products */;
			projectDirPath = "";
			projectRoot = "";
			targets = (
				AFDBA2222824B98B00085DDC /* TwitterClone */,
			);
		};
/* End PBXProject section */

/* Begin PBXResourcesBuildPhase section */
		AFDBA2212824B98B00085DDC /* Resources */ = {
			isa = PBXResourcesBuildPhase;
			buildActionMask = 2147483647;
			files = (
				AFDBA2362824B98D00085DDC /* LaunchScreen.storyboard in Resources */,
				AFDBA2332824B98D00085DDC /* Assets.xcassets in Resources */,
			);
			runOnlyForDeploymentPostprocessing = 0;
		};
/* End PBXResourcesBuildPhase section */

/* Begin PBXSourcesBuildPhase section */
		AFDBA21F2824B98B00085DDC /* Sources */ = {
			isa = PBXSourcesBuildPhase;
			buildActionMask = 2147483647;
			files = (
				AFD853C32825784E00D080D4 /* HomeTweetTableViewCell.swift in Sources */,
				AFDBA22B2824B98B00085DDC /* ViewController.swift in Sources */,
				AF2DED7A2824BD58002E9264 /* SearchViewController.swift in Sources */,
				AFDBA2312824B98B00085DDC /* TwitterClone.xcdatamodeld in Sources */,
				AFD853BD2825682800D080D4 /* VolumeStreamsResponse.swift in Sources */,
				AFD853BA2825632E00D080D4 /* APICaller.swift in Sources */,
				AFDBA2272824B98B00085DDC /* AppDelegate.swift in Sources */,
				AF2DED762824BCCF002E9264 /* TabBarViewController.swift in Sources */,
				AFD853C628257D9500D080D4 /* HomeTweetViewCellViewModel.swift in Sources */,
				AFDBA2292824B98B00085DDC /* SceneDelegate.swift in Sources */,
				AF2DED782824BD4A002E9264 /* HomeViewController.swift in Sources */,
				AF2DED7C2824BD84002E9264 /* NotificationsViewController.swift in Sources */,
				AF2DED7E2824BD98002E9264 /* SettingsViewController.swift in Sources */,
			);
			runOnlyForDeploymentPostprocessing = 0;
		};
/* End PBXSourcesBuildPhase section */

/* Begin PBXVariantGroup section */
		AFDBA2342824B98D00085DDC /* LaunchScreen.storyboard */ = {
			isa = PBXVariantGroup;
			children = (
				AFDBA2352824B98D00085DDC /* Base */,
			);
			name = LaunchScreen.storyboard;
			sourceTree = "<group>";
		};
/* End PBXVariantGroup section */

/* Begin XCBuildConfiguration section */
		AFDBA2382824B98D00085DDC /* Debug */ = {
			isa = XCBuildConfiguration;
			buildSettings = {
				ALWAYS_SEARCH_USER_PATHS = NO;
				CLANG_ANALYZER_NONNULL = YES;
				CLANG_ANALYZER_NUMBER_OBJECT_CONVERSION = YES_AGGRESSIVE;
				CLANG_CXX_LANGUAGE_STANDARD = "gnu++17";
				CLANG_CXX_LIBRARY = "libc++";
				CLANG_ENABLE_MODULES = YES;
				CLANG_ENABLE_OBJC_ARC = YES;
				CLANG_ENABLE_OBJC_WEAK = YES;
				CLANG_WARN_BLOCK_CAPTURE_AUTORELEASING = YES;
				CLANG_WARN_BOOL_CONVERSION = YES;
				CLANG_WARN_COMMA = YES;
				CLANG_WARN_CONSTANT_CONVERSION = YES;
				CLANG_WARN_DEPRECATED_OBJC_IMPLEMENTATIONS = YES;
				CLANG_WARN_DIRECT_OBJC_ISA_USAGE = YES_ERROR;
				CLANG_WARN_DOCUMENTATION_COMMENTS = YES;
				CLANG_WARN_EMPTY_BODY = YES;
				CLANG_WARN_ENUM_CONVERSION = YES;
				CLANG_WARN_INFINITE_RECURSION = YES;
				CLANG_WARN_INT_CONVERSION = YES;
				CLANG_WARN_NON_LITERAL_NULL_CONVERSION = YES;
				CLANG_WARN_OBJC_IMPLICIT_RETAIN_SELF = YES;
				CLANG_WARN_OBJC_LITERAL_CONVERSION = YES;
				CLANG_WARN_OBJC_ROOT_CLASS = YES_ERROR;
				CLANG_WARN_QUOTED_INCLUDE_IN_FRAMEWORK_HEADER = YES;
				CLANG_WARN_RANGE_LOOP_ANALYSIS = YES;
				CLANG_WARN_STRICT_PROTOTYPES = YES;
				CLANG_WARN_SUSPICIOUS_MOVE = YES;
				CLANG_WARN_UNGUARDED_AVAILABILITY = YES_AGGRESSIVE;
				CLANG_WARN_UNREACHABLE_CODE = YES;
				CLANG_WARN__DUPLICATE_METHOD_MATCH = YES;
				COPY_PHASE_STRIP = NO;
				DEBUG_INFORMATION_FORMAT = dwarf;
				ENABLE_STRICT_OBJC_MSGSEND = YES;
				ENABLE_TESTABILITY = YES;
				GCC_C_LANGUAGE_STANDARD = gnu11;
				GCC_DYNAMIC_NO_PIC = NO;
				GCC_NO_COMMON_BLOCKS = YES;
				GCC_OPTIMIZATION_LEVEL = 0;
				GCC_PREPROCESSOR_DEFINITIONS = (
					"DEBUG=1",
					"$(inherited)",
				);
				GCC_WARN_64_TO_32_BIT_CONVERSION = YES;
				GCC_WARN_ABOUT_RETURN_TYPE = YES_ERROR;
				GCC_WARN_UNDECLARED_SELECTOR = YES;
				GCC_WARN_UNINITIALIZED_AUTOS = YES_AGGRESSIVE;
				GCC_WARN_UNUSED_FUNCTION = YES;
				GCC_WARN_UNUSED_VARIABLE = YES;
				IPHONEOS_DEPLOYMENT_TARGET = 15.2;
				MTL_ENABLE_DEBUG_INFO = INCLUDE_SOURCE;
				MTL_FAST_MATH = YES;
				ONLY_ACTIVE_ARCH = YES;
				SDKROOT = iphoneos;
				SWIFT_ACTIVE_COMPILATION_CONDITIONS = DEBUG;
				SWIFT_OPTIMIZATION_LEVEL = "-Onone";
			};
			name = Debug;
		};
		AFDBA2392824B98D00085DDC /* Release */ = {
			isa = XCBuildConfiguration;
			buildSettings = {
				ALWAYS_SEARCH_USER_PATHS = NO;
				CLANG_ANALYZER_NONNULL = YES;
				CLANG_ANALYZER_NUMBER_OBJECT_CONVERSION = YES_AGGRESSIVE;
				CLANG_CXX_LANGUAGE_STANDARD = "gnu++17";
				CLANG_CXX_LIBRARY = "libc++";
				CLANG_ENABLE_MODULES = YES;
				CLANG_ENABLE_OBJC_ARC = YES;
				CLANG_ENABLE_OBJC_WEAK = YES;
				CLANG_WARN_BLOCK_CAPTURE_AUTORELEASING = YES;
				CLANG_WARN_BOOL_CONVERSION = YES;
				CLANG_WARN_COMMA = YES;
				CLANG_WARN_CONSTANT_CONVERSION = YES;
				CLANG_WARN_DEPRECATED_OBJC_IMPLEMENTATIONS = YES;
				CLANG_WARN_DIRECT_OBJC_ISA_USAGE = YES_ERROR;
				CLANG_WARN_DOCUMENTATION_COMMENTS = YES;
				CLANG_WARN_EMPTY_BODY = YES;
				CLANG_WARN_ENUM_CONVERSION = YES;
				CLANG_WARN_INFINITE_RECURSION = YES;
				CLANG_WARN_INT_CONVERSION = YES;
				CLANG_WARN_NON_LITERAL_NULL_CONVERSION = YES;
				CLANG_WARN_OBJC_IMPLICIT_RETAIN_SELF = YES;
				CLANG_WARN_OBJC_LITERAL_CONVERSION = YES;
				CLANG_WARN_OBJC_ROOT_CLASS = YES_ERROR;
				CLANG_WARN_QUOTED_INCLUDE_IN_FRAMEWORK_HEADER = YES;
				CLANG_WARN_RANGE_LOOP_ANALYSIS = YES;
				CLANG_WARN_STRICT_PROTOTYPES = YES;
				CLANG_WARN_SUSPICIOUS_MOVE = YES;
				CLANG_WARN_UNGUARDED_AVAILABILITY = YES_AGGRESSIVE;
				CLANG_WARN_UNREACHABLE_CODE = YES;
				CLANG_WARN__DUPLICATE_METHOD_MATCH = YES;
				COPY_PHASE_STRIP = NO;
				DEBUG_INFORMATION_FORMAT = "dwarf-with-dsym";
				ENABLE_NS_ASSERTIONS = NO;
				ENABLE_STRICT_OBJC_MSGSEND = YES;
				GCC_C_LANGUAGE_STANDARD = gnu11;
				GCC_NO_COMMON_BLOCKS = YES;
				GCC_WARN_64_TO_32_BIT_CONVERSION = YES;
				GCC_WARN_ABOUT_RETURN_TYPE = YES_ERROR;
				GCC_WARN_UNDECLARED_SELECTOR = YES;
				GCC_WARN_UNINITIALIZED_AUTOS = YES_AGGRESSIVE;
				GCC_WARN_UNUSED_FUNCTION = YES;
				GCC_WARN_UNUSED_VARIABLE = YES;
				IPHONEOS_DEPLOYMENT_TARGET = 15.2;
				MTL_ENABLE_DEBUG_INFO = NO;
				MTL_FAST_MATH = YES;
				SDKROOT = iphoneos;
				SWIFT_COMPILATION_MODE = wholemodule;
				SWIFT_OPTIMIZATION_LEVEL = "-O";
				VALIDATE_PRODUCT = YES;
			};
			name = Release;
		};
		AFDBA23B2824B98D00085DDC /* Debug */ = {
			isa = XCBuildConfiguration;
			buildSettings = {
				ASSETCATALOG_COMPILER_APPICON_NAME = AppIcon;
				ASSETCATALOG_COMPILER_GLOBAL_ACCENT_COLOR_NAME = AccentColor;
				CODE_SIGN_STYLE = Automatic;
				CURRENT_PROJECT_VERSION = 1;
				DEVELOPMENT_TEAM = RRG4UPX9CR;
				GENERATE_INFOPLIST_FILE = YES;
				INFOPLIST_FILE = TwitterClone/Info.plist;
				INFOPLIST_KEY_UIApplicationSupportsIndirectInputEvents = YES;
				INFOPLIST_KEY_UILaunchStoryboardName = LaunchScreen;
				INFOPLIST_KEY_UISupportedInterfaceOrientations_iPad = "UIInterfaceOrientationPortrait UIInterfaceOrientationPortraitUpsideDown UIInterfaceOrientationLandscapeLeft UIInterfaceOrientationLandscapeRight";
				INFOPLIST_KEY_UISupportedInterfaceOrientations_iPhone = "UIInterfaceOrientationPortrait UIInterfaceOrientationLandscapeLeft UIInterfaceOrientationLandscapeRight";
				LD_RUNPATH_SEARCH_PATHS = (
					"$(inherited)",
					"@executable_path/Frameworks",
				);
				MARKETING_VERSION = 1.0;
				PRODUCT_BUNDLE_IDENTIFIER = com.calebngai.TwitterClone;
				PRODUCT_NAME = "$(TARGET_NAME)";
				SWIFT_EMIT_LOC_STRINGS = YES;
				SWIFT_VERSION = 5.0;
				TARGETED_DEVICE_FAMILY = "1,2";
			};
			name = Debug;
		};
		AFDBA23C2824B98D00085DDC /* Release */ = {
			isa = XCBuildConfiguration;
			buildSettings = {
				ASSETCATALOG_COMPILER_APPICON_NAME = AppIcon;
				ASSETCATALOG_COMPILER_GLOBAL_ACCENT_COLOR_NAME = AccentColor;
				CODE_SIGN_STYLE = Automatic;
				CURRENT_PROJECT_VERSION = 1;
				DEVELOPMENT_TEAM = RRG4UPX9CR;
				GENERATE_INFOPLIST_FILE = YES;
				INFOPLIST_FILE = TwitterClone/Info.plist;
				INFOPLIST_KEY_UIApplicationSupportsIndirectInputEvents = YES;
				INFOPLIST_KEY_UILaunchStoryboardName = LaunchScreen;
				INFOPLIST_KEY_UISupportedInterfaceOrientations_iPad = "UIInterfaceOrientationPortrait UIInterfaceOrientationPortraitUpsideDown UIInterfaceOrientationLandscapeLeft UIInterfaceOrientationLandscapeRight";
				INFOPLIST_KEY_UISupportedInterfaceOrientations_iPhone = "UIInterfaceOrientationPortrait UIInterfaceOrientationLandscapeLeft UIInterfaceOrientationLandscapeRight";
				LD_RUNPATH_SEARCH_PATHS = (
					"$(inherited)",
					"@executable_path/Frameworks",
				);
				MARKETING_VERSION = 1.0;
				PRODUCT_BUNDLE_IDENTIFIER = com.calebngai.TwitterClone;
				PRODUCT_NAME = "$(TARGET_NAME)";
				SWIFT_EMIT_LOC_STRINGS = YES;
				SWIFT_VERSION = 5.0;
				TARGETED_DEVICE_FAMILY = "1,2";
			};
			name = Release;
		};
/* End XCBuildConfiguration section */

/* Begin XCConfigurationList section */
		AFDBA21E2824B98B00085DDC /* Build configuration list for PBXProject "TwitterClone" */ = {
			isa = XCConfigurationList;
			buildConfigurations = (
				AFDBA2382824B98D00085DDC /* Debug */,
				AFDBA2392824B98D00085DDC /* Release */,
			);
			defaultConfigurationIsVisible = 0;
			defaultConfigurationName = Release;
		};
		AFDBA23A2824B98D00085DDC /* Build configuration list for PBXNativeTarget "TwitterClone" */ = {
			isa = XCConfigurationList;
			buildConfigurations = (
				AFDBA23B2824B98D00085DDC /* Debug */,
				AFDBA23C2824B98D00085DDC /* Release */,
			);
			defaultConfigurationIsVisible = 0;
			defaultConfigurationName = Release;
		};
/* End XCConfigurationList section */

/* Begin XCVersionGroup section */
		AFDBA22F2824B98B00085DDC /* TwitterClone.xcdatamodeld */ = {
			isa = XCVersionGroup;
			children = (
				AFDBA2302824B98B00085DDC /* TwitterClone.xcdatamodel */,
			);
			currentVersion = AFDBA2302824B98B00085DDC /* TwitterClone.xcdatamodel */;
			path = TwitterClone.xcdatamodeld;
			sourceTree = "<group>";
			versionGroupType = wrapper.xcdatamodel;
		};
/* End XCVersionGroup section */
	};
	rootObject = AFDBA21B2824B98B00085DDC /* Project object */;
}
