// !$*UTF8*$!
{
	archiveVersion = 1;
	classes = {
	};
	objectVersion = 55;
	objects = {

/* Begin PBXBuildFile section */
		2CB9B452F559E8CEA175256F /* Pods_TwitterClone.framework in Frameworks */ = {isa = PBXBuildFile; fileRef = C92ABDF50BBD7E6E608563E6 /* Pods_TwitterClone.framework */; };
		3BC26E05282949D000A56D5C /* Constants.swift in Sources */ = {isa = PBXBuildFile; fileRef = 3BC26E04282949D000A56D5C /* Constants.swift */; };
		3BC26E092829528C00A56D5C /* SearchResultsViewController.swift in Sources */ = {isa = PBXBuildFile; fileRef = 3BC26E082829528C00A56D5C /* SearchResultsViewController.swift */; };
		3BC26E0B282970C400A56D5C /* UserModels.swift in Sources */ = {isa = PBXBuildFile; fileRef = 3BC26E0A282970C400A56D5C /* UserModels.swift */; };
		7038FEAA2830597200715D54 /* SettingsHeaderView.swift in Sources */ = {isa = PBXBuildFile; fileRef = 7038FEA92830597200715D54 /* SettingsHeaderView.swift */; };
		7038FEAC28305E4E00715D54 /* Extensions.swift in Sources */ = {isa = PBXBuildFile; fileRef = 7038FEAB28305E4E00715D54 /* Extensions.swift */; };
		7038FEAE28306C0D00715D54 /* SettingsTableViewCell.swift in Sources */ = {isa = PBXBuildFile; fileRef = 7038FEAD28306C0D00715D54 /* SettingsTableViewCell.swift */; };
		705E79AB2867BD87003AEA17 /* HomeVCViewModel.swift in Sources */ = {isa = PBXBuildFile; fileRef = 705E79AA2867BD87003AEA17 /* HomeVCViewModel.swift */; };
		708C50F228317A2200978DD6 /* AddTweetViewController.swift in Sources */ = {isa = PBXBuildFile; fileRef = 708C50F128317A2200978DD6 /* AddTweetViewController.swift */; };
		708C50F42831A0E200978DD6 /* AddCommentViewController.swift in Sources */ = {isa = PBXBuildFile; fileRef = 708C50F32831A0E200978DD6 /* AddCommentViewController.swift */; };
		AF0FFFBE28370F4A005406D1 /* Notifications_All_TableViewCell.swift in Sources */ = {isa = PBXBuildFile; fileRef = AF0FFFBD28370F4A005406D1 /* Notifications_All_TableViewCell.swift */; };
		AF0FFFC028370F5D005406D1 /* Notifications_Mentions_TableViewCell.swift in Sources */ = {isa = PBXBuildFile; fileRef = AF0FFFBF28370F5D005406D1 /* Notifications_Mentions_TableViewCell.swift */; };
		AF1B4C1A283EE93100AC2510 /* SelectedTweetViewController.swift in Sources */ = {isa = PBXBuildFile; fileRef = AF1B4C19283EE93100AC2510 /* SelectedTweetViewController.swift */; };
		AF1B4C1C283EEBEB00AC2510 /* SelectedTweetHeaderTableViewCell.swift in Sources */ = {isa = PBXBuildFile; fileRef = AF1B4C1B283EEBEB00AC2510 /* SelectedTweetHeaderTableViewCell.swift */; };
		AF2153ED2888FF4A00766354 /* TweetViewModel.swift in Sources */ = {isa = PBXBuildFile; fileRef = AF2153EC2888FF4A00766354 /* TweetViewModel.swift */; };
		AF2DED762824BCCF002E9264 /* TabBarViewController.swift in Sources */ = {isa = PBXBuildFile; fileRef = AF2DED752824BCCF002E9264 /* TabBarViewController.swift */; };
		AF2DED782824BD4A002E9264 /* HomeViewController.swift in Sources */ = {isa = PBXBuildFile; fileRef = AF2DED772824BD4A002E9264 /* HomeViewController.swift */; };
		AF2DED7A2824BD58002E9264 /* SearchViewController.swift in Sources */ = {isa = PBXBuildFile; fileRef = AF2DED792824BD58002E9264 /* SearchViewController.swift */; };
		AF2DED7C2824BD84002E9264 /* NotificationsViewController.swift in Sources */ = {isa = PBXBuildFile; fileRef = AF2DED7B2824BD84002E9264 /* NotificationsViewController.swift */; };
		AF2DED7E2824BD98002E9264 /* SettingsViewController.swift in Sources */ = {isa = PBXBuildFile; fileRef = AF2DED7D2824BD98002E9264 /* SettingsViewController.swift */; };
		AF37160E2889CA06000519D7 /* ProfileHeaderViewModel.swift in Sources */ = {isa = PBXBuildFile; fileRef = AF37160D2889CA06000519D7 /* ProfileHeaderViewModel.swift */; };
		AF6A444628366BAC001F0018 /* NotificationsHeaderView.swift in Sources */ = {isa = PBXBuildFile; fileRef = AF6A444528366BAC001F0018 /* NotificationsHeaderView.swift */; };
		AF6A444828368069001F0018 /* NotificationEmptyStateView.swift in Sources */ = {isa = PBXBuildFile; fileRef = AF6A444728368069001F0018 /* NotificationEmptyStateView.swift */; };
		AF76FDA428901E59005B09A6 /* CustomButton.swift in Sources */ = {isa = PBXBuildFile; fileRef = AF76FDA328901E59005B09A6 /* CustomButton.swift */; };
		AF76FDA6289021FC005B09A6 /* CustomImageView.swift in Sources */ = {isa = PBXBuildFile; fileRef = AF76FDA5289021FC005B09A6 /* CustomImageView.swift */; };
		AF8C41B7283581130005E023 /* SettingsAndPrivacyViewController.swift in Sources */ = {isa = PBXBuildFile; fileRef = AF8C41B6283581130005E023 /* SettingsAndPrivacyViewController.swift */; };
		AF8C41BA283582040005E023 /* SettingsAndPrivacyTableViewCell.swift in Sources */ = {isa = PBXBuildFile; fileRef = AF8C41B9283582040005E023 /* SettingsAndPrivacyTableViewCell.swift */; };
		AFA5E9F32891E9CA00092DBC /* ProfileCoordinator.swift in Sources */ = {isa = PBXBuildFile; fileRef = AFA5E9F22891E9CA00092DBC /* ProfileCoordinator.swift */; };
		AFA5E9F52891ED4500092DBC /* TweetProfileCoordinator.swift in Sources */ = {isa = PBXBuildFile; fileRef = AFA5E9F42891ED4500092DBC /* TweetProfileCoordinator.swift */; };
		AFBC2FC7288F6F550012120D /* ProfileViewModel.swift in Sources */ = {isa = PBXBuildFile; fileRef = AFBC2FC6288F6F540012120D /* ProfileViewModel.swift */; };
		AFBC2FC9288F70080012120D /* SettingsHeaderViewModel.swift in Sources */ = {isa = PBXBuildFile; fileRef = AFBC2FC8288F70080012120D /* SettingsHeaderViewModel.swift */; };
		AFBC2FCB288F70DB0012120D /* SearchViewModel.swift in Sources */ = {isa = PBXBuildFile; fileRef = AFBC2FCA288F70DB0012120D /* SearchViewModel.swift */; };
		AFC0EACA28916EA200C498AE /* CoordinatorProtocol.swift in Sources */ = {isa = PBXBuildFile; fileRef = AFC0EAC928916EA200C498AE /* CoordinatorProtocol.swift */; };
		AFC0EACC28916F4700C498AE /* HomeCoordinator.swift in Sources */ = {isa = PBXBuildFile; fileRef = AFC0EACB28916F4700C498AE /* HomeCoordinator.swift */; };
		AFC0EACE2891747600C498AE /* MainTabBarController.swift in Sources */ = {isa = PBXBuildFile; fileRef = AFC0EACD2891747600C498AE /* MainTabBarController.swift */; };
		AFC0EAD0289176C300C498AE /* NotificationsCoordinator.swift in Sources */ = {isa = PBXBuildFile; fileRef = AFC0EACF289176C300C498AE /* NotificationsCoordinator.swift */; };
		AFC0EAD2289177C900C498AE /* SearchCoordinator.swift in Sources */ = {isa = PBXBuildFile; fileRef = AFC0EAD1289177C900C498AE /* SearchCoordinator.swift */; };
		AFC0EAD42891784100C498AE /* SettingsCoordinator.swift in Sources */ = {isa = PBXBuildFile; fileRef = AFC0EAD32891784100C498AE /* SettingsCoordinator.swift */; };
		AFC809E82888263600B90540 /* CustomTextField.swift in Sources */ = {isa = PBXBuildFile; fileRef = AFC809E72888263600B90540 /* CustomTextField.swift */; };
		AFCC323428380F2700C0B01C /* LoginViewController.swift in Sources */ = {isa = PBXBuildFile; fileRef = AFCC323328380F2600C0B01C /* LoginViewController.swift */; };
		AFCC323628380F3600C0B01C /* RegisterViewController.swift in Sources */ = {isa = PBXBuildFile; fileRef = AFCC323528380F3600C0B01C /* RegisterViewController.swift */; };
		AFCEE1CB28898F7E00B6D187 /* ProfileViewController.swift in Sources */ = {isa = PBXBuildFile; fileRef = AFCEE1CA28898F7E00B6D187 /* ProfileViewController.swift */; };
		AFCEE1CD288993D800B6D187 /* ProfileHeaderView.swift in Sources */ = {isa = PBXBuildFile; fileRef = AFCEE1CC288993D800B6D187 /* ProfileHeaderView.swift */; };
		AFCEE1CF28899CBE00B6D187 /* EditProfileViewController.swift in Sources */ = {isa = PBXBuildFile; fileRef = AFCEE1CE28899CBE00B6D187 /* EditProfileViewController.swift */; };
		AFD6123128380C5A002A297C /* GoogleService-Info.plist in Resources */ = {isa = PBXBuildFile; fileRef = AFD6123028380C5A002A297C /* GoogleService-Info.plist */; };
		AFD853BA2825632E00D080D4 /* APICaller.swift in Sources */ = {isa = PBXBuildFile; fileRef = AFD853B92825632E00D080D4 /* APICaller.swift */; };
		AFD853BD2825682800D080D4 /* Response.swift in Sources */ = {isa = PBXBuildFile; fileRef = AFD853BC2825682800D080D4 /* Response.swift */; };
		AFD853C32825784E00D080D4 /* TweetTableViewCell.swift in Sources */ = {isa = PBXBuildFile; fileRef = AFD853C22825784E00D080D4 /* TweetTableViewCell.swift */; };
		AFDAF8272889C23200F2BBA0 /* CustomLabel.swift in Sources */ = {isa = PBXBuildFile; fileRef = AFDAF8262889C23200F2BBA0 /* CustomLabel.swift */; };
		AFDBA2272824B98B00085DDC /* AppDelegate.swift in Sources */ = {isa = PBXBuildFile; fileRef = AFDBA2262824B98B00085DDC /* AppDelegate.swift */; };
		AFDBA2292824B98B00085DDC /* SceneDelegate.swift in Sources */ = {isa = PBXBuildFile; fileRef = AFDBA2282824B98B00085DDC /* SceneDelegate.swift */; };
		AFDBA2312824B98B00085DDC /* TwitterClone.xcdatamodeld in Sources */ = {isa = PBXBuildFile; fileRef = AFDBA22F2824B98B00085DDC /* TwitterClone.xcdatamodeld */; };
		AFDBA2332824B98D00085DDC /* Assets.xcassets in Resources */ = {isa = PBXBuildFile; fileRef = AFDBA2322824B98D00085DDC /* Assets.xcassets */; };
		AFDBA2362824B98D00085DDC /* LaunchScreen.storyboard in Resources */ = {isa = PBXBuildFile; fileRef = AFDBA2342824B98D00085DDC /* LaunchScreen.storyboard */; };
		AFDBC41F283BBA7B00F4ED7D /* AuthManager.swift in Sources */ = {isa = PBXBuildFile; fileRef = AFDBC41E283BBA7B00F4ED7D /* AuthManager.swift */; };
		AFDBC421283BBA9700F4ED7D /* DatabaseManager.swift in Sources */ = {isa = PBXBuildFile; fileRef = AFDBC420283BBA9700F4ED7D /* DatabaseManager.swift */; };
		AFDBC423283BBAB700F4ED7D /* StorageManager.swift in Sources */ = {isa = PBXBuildFile; fileRef = AFDBC422283BBAB700F4ED7D /* StorageManager.swift */; };
		AFDC2C772869D6BA007DCDF5 /* NotificationViewModel.swift in Sources */ = {isa = PBXBuildFile; fileRef = AFDC2C762869D6BA007DCDF5 /* NotificationViewModel.swift */; };
		AFE173E62888CC70004EACB7 /* SettingsViewModel.swift in Sources */ = {isa = PBXBuildFile; fileRef = AFE173E52888CC70004EACB7 /* SettingsViewModel.swift */; };
		AFFFD4AC2888F87900270E6E /* SettingsAndPrivacyViewModel.swift in Sources */ = {isa = PBXBuildFile; fileRef = AFFFD4AB2888F87900270E6E /* SettingsAndPrivacyViewModel.swift */; };
/* End PBXBuildFile section */

/* Begin PBXFileReference section */
		032B1A41E04188B284511625 /* Pods-TwitterClone.debug.xcconfig */ = {isa = PBXFileReference; includeInIndex = 1; lastKnownFileType = text.xcconfig; name = "Pods-TwitterClone.debug.xcconfig"; path = "Target Support Files/Pods-TwitterClone/Pods-TwitterClone.debug.xcconfig"; sourceTree = "<group>"; };
		3BC26E04282949D000A56D5C /* Constants.swift */ = {isa = PBXFileReference; lastKnownFileType = sourcecode.swift; path = Constants.swift; sourceTree = "<group>"; };
		3BC26E082829528C00A56D5C /* SearchResultsViewController.swift */ = {isa = PBXFileReference; lastKnownFileType = sourcecode.swift; path = SearchResultsViewController.swift; sourceTree = "<group>"; };
		3BC26E0A282970C400A56D5C /* UserModels.swift */ = {isa = PBXFileReference; lastKnownFileType = sourcecode.swift; path = UserModels.swift; sourceTree = "<group>"; };
		7038FEA92830597200715D54 /* SettingsHeaderView.swift */ = {isa = PBXFileReference; lastKnownFileType = sourcecode.swift; path = SettingsHeaderView.swift; sourceTree = "<group>"; };
		7038FEAB28305E4E00715D54 /* Extensions.swift */ = {isa = PBXFileReference; lastKnownFileType = sourcecode.swift; path = Extensions.swift; sourceTree = "<group>"; };
		7038FEAD28306C0D00715D54 /* SettingsTableViewCell.swift */ = {isa = PBXFileReference; lastKnownFileType = sourcecode.swift; path = SettingsTableViewCell.swift; sourceTree = "<group>"; };
		705E79AA2867BD87003AEA17 /* HomeVCViewModel.swift */ = {isa = PBXFileReference; lastKnownFileType = sourcecode.swift; path = HomeVCViewModel.swift; sourceTree = "<group>"; };
		708C50F128317A2200978DD6 /* AddTweetViewController.swift */ = {isa = PBXFileReference; lastKnownFileType = sourcecode.swift; path = AddTweetViewController.swift; sourceTree = "<group>"; };
		708C50F32831A0E200978DD6 /* AddCommentViewController.swift */ = {isa = PBXFileReference; lastKnownFileType = sourcecode.swift; path = AddCommentViewController.swift; sourceTree = "<group>"; };
		AF0FFFBD28370F4A005406D1 /* Notifications_All_TableViewCell.swift */ = {isa = PBXFileReference; lastKnownFileType = sourcecode.swift; path = Notifications_All_TableViewCell.swift; sourceTree = "<group>"; };
		AF0FFFBF28370F5D005406D1 /* Notifications_Mentions_TableViewCell.swift */ = {isa = PBXFileReference; lastKnownFileType = sourcecode.swift; path = Notifications_Mentions_TableViewCell.swift; sourceTree = "<group>"; };
		AF1B4C19283EE93100AC2510 /* SelectedTweetViewController.swift */ = {isa = PBXFileReference; lastKnownFileType = sourcecode.swift; path = SelectedTweetViewController.swift; sourceTree = "<group>"; };
		AF1B4C1B283EEBEB00AC2510 /* SelectedTweetHeaderTableViewCell.swift */ = {isa = PBXFileReference; lastKnownFileType = sourcecode.swift; path = SelectedTweetHeaderTableViewCell.swift; sourceTree = "<group>"; };
		AF2153EC2888FF4A00766354 /* TweetViewModel.swift */ = {isa = PBXFileReference; lastKnownFileType = sourcecode.swift; path = TweetViewModel.swift; sourceTree = "<group>"; };
		AF2DED752824BCCF002E9264 /* TabBarViewController.swift */ = {isa = PBXFileReference; lastKnownFileType = sourcecode.swift; path = TabBarViewController.swift; sourceTree = "<group>"; };
		AF2DED772824BD4A002E9264 /* HomeViewController.swift */ = {isa = PBXFileReference; lastKnownFileType = sourcecode.swift; path = HomeViewController.swift; sourceTree = "<group>"; };
		AF2DED792824BD58002E9264 /* SearchViewController.swift */ = {isa = PBXFileReference; lastKnownFileType = sourcecode.swift; path = SearchViewController.swift; sourceTree = "<group>"; };
		AF2DED7B2824BD84002E9264 /* NotificationsViewController.swift */ = {isa = PBXFileReference; lastKnownFileType = sourcecode.swift; path = NotificationsViewController.swift; sourceTree = "<group>"; };
		AF2DED7D2824BD98002E9264 /* SettingsViewController.swift */ = {isa = PBXFileReference; lastKnownFileType = sourcecode.swift; path = SettingsViewController.swift; sourceTree = "<group>"; };
		AF37160D2889CA06000519D7 /* ProfileHeaderViewModel.swift */ = {isa = PBXFileReference; lastKnownFileType = sourcecode.swift; path = ProfileHeaderViewModel.swift; sourceTree = "<group>"; };
		AF6A444528366BAC001F0018 /* NotificationsHeaderView.swift */ = {isa = PBXFileReference; lastKnownFileType = sourcecode.swift; path = NotificationsHeaderView.swift; sourceTree = "<group>"; };
		AF6A444728368069001F0018 /* NotificationEmptyStateView.swift */ = {isa = PBXFileReference; lastKnownFileType = sourcecode.swift; path = NotificationEmptyStateView.swift; sourceTree = "<group>"; };
		AF76FDA328901E59005B09A6 /* CustomButton.swift */ = {isa = PBXFileReference; lastKnownFileType = sourcecode.swift; path = CustomButton.swift; sourceTree = "<group>"; };
		AF76FDA5289021FC005B09A6 /* CustomImageView.swift */ = {isa = PBXFileReference; lastKnownFileType = sourcecode.swift; path = CustomImageView.swift; sourceTree = "<group>"; };
		AF8C41B6283581130005E023 /* SettingsAndPrivacyViewController.swift */ = {isa = PBXFileReference; lastKnownFileType = sourcecode.swift; path = SettingsAndPrivacyViewController.swift; sourceTree = "<group>"; };
		AF8C41B9283582040005E023 /* SettingsAndPrivacyTableViewCell.swift */ = {isa = PBXFileReference; lastKnownFileType = sourcecode.swift; path = SettingsAndPrivacyTableViewCell.swift; sourceTree = "<group>"; };
		AFA5E9F22891E9CA00092DBC /* ProfileCoordinator.swift */ = {isa = PBXFileReference; lastKnownFileType = sourcecode.swift; path = ProfileCoordinator.swift; sourceTree = "<group>"; };
		AFA5E9F42891ED4500092DBC /* TweetProfileCoordinator.swift */ = {isa = PBXFileReference; lastKnownFileType = sourcecode.swift; path = TweetProfileCoordinator.swift; sourceTree = "<group>"; };
		AFBC2FC6288F6F540012120D /* ProfileViewModel.swift */ = {isa = PBXFileReference; lastKnownFileType = sourcecode.swift; path = ProfileViewModel.swift; sourceTree = "<group>"; };
		AFBC2FC8288F70080012120D /* SettingsHeaderViewModel.swift */ = {isa = PBXFileReference; lastKnownFileType = sourcecode.swift; path = SettingsHeaderViewModel.swift; sourceTree = "<group>"; };
		AFBC2FCA288F70DB0012120D /* SearchViewModel.swift */ = {isa = PBXFileReference; lastKnownFileType = sourcecode.swift; path = SearchViewModel.swift; sourceTree = "<group>"; };
		AFC0EAC928916EA200C498AE /* CoordinatorProtocol.swift */ = {isa = PBXFileReference; lastKnownFileType = sourcecode.swift; path = CoordinatorProtocol.swift; sourceTree = "<group>"; };
		AFC0EACB28916F4700C498AE /* HomeCoordinator.swift */ = {isa = PBXFileReference; lastKnownFileType = sourcecode.swift; path = HomeCoordinator.swift; sourceTree = "<group>"; };
		AFC0EACD2891747600C498AE /* MainTabBarController.swift */ = {isa = PBXFileReference; lastKnownFileType = sourcecode.swift; path = MainTabBarController.swift; sourceTree = "<group>"; };
		AFC0EACF289176C300C498AE /* NotificationsCoordinator.swift */ = {isa = PBXFileReference; lastKnownFileType = sourcecode.swift; path = NotificationsCoordinator.swift; sourceTree = "<group>"; };
		AFC0EAD1289177C900C498AE /* SearchCoordinator.swift */ = {isa = PBXFileReference; lastKnownFileType = sourcecode.swift; path = SearchCoordinator.swift; sourceTree = "<group>"; };
		AFC0EAD32891784100C498AE /* SettingsCoordinator.swift */ = {isa = PBXFileReference; lastKnownFileType = sourcecode.swift; path = SettingsCoordinator.swift; sourceTree = "<group>"; };
		AFC809E72888263600B90540 /* CustomTextField.swift */ = {isa = PBXFileReference; lastKnownFileType = sourcecode.swift; path = CustomTextField.swift; sourceTree = "<group>"; };
		AFCC323328380F2600C0B01C /* LoginViewController.swift */ = {isa = PBXFileReference; lastKnownFileType = sourcecode.swift; path = LoginViewController.swift; sourceTree = "<group>"; };
		AFCC323528380F3600C0B01C /* RegisterViewController.swift */ = {isa = PBXFileReference; lastKnownFileType = sourcecode.swift; path = RegisterViewController.swift; sourceTree = "<group>"; };
		AFCEE1CA28898F7E00B6D187 /* ProfileViewController.swift */ = {isa = PBXFileReference; lastKnownFileType = sourcecode.swift; path = ProfileViewController.swift; sourceTree = "<group>"; };
		AFCEE1CC288993D800B6D187 /* ProfileHeaderView.swift */ = {isa = PBXFileReference; lastKnownFileType = sourcecode.swift; path = ProfileHeaderView.swift; sourceTree = "<group>"; };
		AFCEE1CE28899CBE00B6D187 /* EditProfileViewController.swift */ = {isa = PBXFileReference; lastKnownFileType = sourcecode.swift; path = EditProfileViewController.swift; sourceTree = "<group>"; };
		AFD6123028380C5A002A297C /* GoogleService-Info.plist */ = {isa = PBXFileReference; fileEncoding = 4; lastKnownFileType = text.plist.xml; path = "GoogleService-Info.plist"; sourceTree = "<group>"; };
		AFD853B92825632E00D080D4 /* APICaller.swift */ = {isa = PBXFileReference; lastKnownFileType = sourcecode.swift; path = APICaller.swift; sourceTree = "<group>"; };
		AFD853BC2825682800D080D4 /* Response.swift */ = {isa = PBXFileReference; lastKnownFileType = sourcecode.swift; path = Response.swift; sourceTree = "<group>"; };
		AFD853C22825784E00D080D4 /* TweetTableViewCell.swift */ = {isa = PBXFileReference; lastKnownFileType = sourcecode.swift; path = TweetTableViewCell.swift; sourceTree = "<group>"; };
		AFDAF8262889C23200F2BBA0 /* CustomLabel.swift */ = {isa = PBXFileReference; lastKnownFileType = sourcecode.swift; path = CustomLabel.swift; sourceTree = "<group>"; };
		AFDBA2232824B98B00085DDC /* TwitterClone.app */ = {isa = PBXFileReference; explicitFileType = wrapper.application; includeInIndex = 0; path = TwitterClone.app; sourceTree = BUILT_PRODUCTS_DIR; };
		AFDBA2262824B98B00085DDC /* AppDelegate.swift */ = {isa = PBXFileReference; lastKnownFileType = sourcecode.swift; path = AppDelegate.swift; sourceTree = "<group>"; };
		AFDBA2282824B98B00085DDC /* SceneDelegate.swift */ = {isa = PBXFileReference; lastKnownFileType = sourcecode.swift; path = SceneDelegate.swift; sourceTree = "<group>"; };
		AFDBA2302824B98B00085DDC /* TwitterClone.xcdatamodel */ = {isa = PBXFileReference; lastKnownFileType = wrapper.xcdatamodel; path = TwitterClone.xcdatamodel; sourceTree = "<group>"; };
		AFDBA2322824B98D00085DDC /* Assets.xcassets */ = {isa = PBXFileReference; lastKnownFileType = folder.assetcatalog; path = Assets.xcassets; sourceTree = "<group>"; };
		AFDBA2352824B98D00085DDC /* Base */ = {isa = PBXFileReference; lastKnownFileType = file.storyboard; name = Base; path = Base.lproj/LaunchScreen.storyboard; sourceTree = "<group>"; };
		AFDBA2372824B98D00085DDC /* Info.plist */ = {isa = PBXFileReference; lastKnownFileType = text.plist.xml; path = Info.plist; sourceTree = "<group>"; };
		AFDBC41E283BBA7B00F4ED7D /* AuthManager.swift */ = {isa = PBXFileReference; lastKnownFileType = sourcecode.swift; path = AuthManager.swift; sourceTree = "<group>"; };
		AFDBC420283BBA9700F4ED7D /* DatabaseManager.swift */ = {isa = PBXFileReference; lastKnownFileType = sourcecode.swift; path = DatabaseManager.swift; sourceTree = "<group>"; };
		AFDBC422283BBAB700F4ED7D /* StorageManager.swift */ = {isa = PBXFileReference; lastKnownFileType = sourcecode.swift; path = StorageManager.swift; sourceTree = "<group>"; };
		AFDC2C762869D6BA007DCDF5 /* NotificationViewModel.swift */ = {isa = PBXFileReference; lastKnownFileType = sourcecode.swift; path = NotificationViewModel.swift; sourceTree = "<group>"; };
		AFE173E52888CC70004EACB7 /* SettingsViewModel.swift */ = {isa = PBXFileReference; lastKnownFileType = sourcecode.swift; path = SettingsViewModel.swift; sourceTree = "<group>"; };
		AFFFD4AB2888F87900270E6E /* SettingsAndPrivacyViewModel.swift */ = {isa = PBXFileReference; lastKnownFileType = sourcecode.swift; path = SettingsAndPrivacyViewModel.swift; sourceTree = "<group>"; };
		BECF0032A00C884C702B85E0 /* Pods-TwitterClone.release.xcconfig */ = {isa = PBXFileReference; includeInIndex = 1; lastKnownFileType = text.xcconfig; name = "Pods-TwitterClone.release.xcconfig"; path = "Target Support Files/Pods-TwitterClone/Pods-TwitterClone.release.xcconfig"; sourceTree = "<group>"; };
		C92ABDF50BBD7E6E608563E6 /* Pods_TwitterClone.framework */ = {isa = PBXFileReference; explicitFileType = wrapper.framework; includeInIndex = 0; path = Pods_TwitterClone.framework; sourceTree = BUILT_PRODUCTS_DIR; };
/* End PBXFileReference section */

/* Begin PBXFrameworksBuildPhase section */
		AFDBA2202824B98B00085DDC /* Frameworks */ = {
			isa = PBXFrameworksBuildPhase;
			buildActionMask = 2147483647;
			files = (
				2CB9B452F559E8CEA175256F /* Pods_TwitterClone.framework in Frameworks */,
			);
			runOnlyForDeploymentPostprocessing = 0;
		};
/* End PBXFrameworksBuildPhase section */

/* Begin PBXGroup section */
		3BC26E03282949BA00A56D5C /* Resources */ = {
			isa = PBXGroup;
			children = (
				AFD6123028380C5A002A297C /* GoogleService-Info.plist */,
				AFDBA2322824B98D00085DDC /* Assets.xcassets */,
				AFDBA22F2824B98B00085DDC /* TwitterClone.xcdatamodeld */,
				3BC26E04282949D000A56D5C /* Constants.swift */,
				7038FEAB28305E4E00715D54 /* Extensions.swift */,
			);
			path = Resources;
			sourceTree = "<group>";
		};
		44FE34073B67F1FCD04B50BA /* Frameworks */ = {
			isa = PBXGroup;
			children = (
				C92ABDF50BBD7E6E608563E6 /* Pods_TwitterClone.framework */,
			);
			name = Frameworks;
			sourceTree = "<group>";
		};
		AF2DED742824BC71002E9264 /* TabBarView */ = {
			isa = PBXGroup;
			children = (
				AF2DED752824BCCF002E9264 /* TabBarViewController.swift */,
				AFC0EACD2891747600C498AE /* MainTabBarController.swift */,
			);
			path = TabBarView;
			sourceTree = "<group>";
		};
		AF8C41B8283581D00005E023 /* CustomViews */ = {
			isa = PBXGroup;
			children = (
				AFDAF8262889C23200F2BBA0 /* CustomLabel.swift */,
				AFC809E72888263600B90540 /* CustomTextField.swift */,
				AF76FDA328901E59005B09A6 /* CustomButton.swift */,
				AF76FDA5289021FC005B09A6 /* CustomImageView.swift */,
			);
			path = CustomViews;
			sourceTree = "<group>";
		};
		AFC0EAC828916E8D00C498AE /* Coordinator */ = {
			isa = PBXGroup;
			children = (
				AFC0EAC928916EA200C498AE /* CoordinatorProtocol.swift */,
			);
			path = Coordinator;
			sourceTree = "<group>";
		};
		AFC9877A288F5C3400B2DAF8 /* HomeView */ = {
			isa = PBXGroup;
			children = (
				AFC0EACB28916F4700C498AE /* HomeCoordinator.swift */,
				AF2DED772824BD4A002E9264 /* HomeViewController.swift */,
				705E79AA2867BD87003AEA17 /* HomeVCViewModel.swift */,
			);
			path = HomeView;
			sourceTree = "<group>";
		};
		AFD43BDE288F5D7300D1377E /* NotificationsView */ = {
			isa = PBXGroup;
			children = (
				AFC0EACF289176C300C498AE /* NotificationsCoordinator.swift */,
				AF6A444528366BAC001F0018 /* NotificationsHeaderView.swift */,
				AF2DED7B2824BD84002E9264 /* NotificationsViewController.swift */,
				AFDC2C762869D6BA007DCDF5 /* NotificationViewModel.swift */,
				AF0FFFBD28370F4A005406D1 /* Notifications_All_TableViewCell.swift */,
				AF0FFFBF28370F5D005406D1 /* Notifications_Mentions_TableViewCell.swift */,
				AF6A444728368069001F0018 /* NotificationEmptyStateView.swift */,
			);
			path = NotificationsView;
			sourceTree = "<group>";
		};
		AFD43BDF288F5D9F00D1377E /* SearchView */ = {
			isa = PBXGroup;
			children = (
				AFC0EAD1289177C900C498AE /* SearchCoordinator.swift */,
				AF2DED792824BD58002E9264 /* SearchViewController.swift */,
				AFBC2FCA288F70DB0012120D /* SearchViewModel.swift */,
				3BC26E082829528C00A56D5C /* SearchResultsViewController.swift */,
			);
			path = SearchView;
			sourceTree = "<group>";
		};
		AFD43BE0288F5DC300D1377E /* SettingsView */ = {
			isa = PBXGroup;
			children = (
				AFC0EAD32891784100C498AE /* SettingsCoordinator.swift */,
				AF2DED7D2824BD98002E9264 /* SettingsViewController.swift */,
				AFE173E52888CC70004EACB7 /* SettingsViewModel.swift */,
				7038FEA92830597200715D54 /* SettingsHeaderView.swift */,
				AFBC2FC8288F70080012120D /* SettingsHeaderViewModel.swift */,
				7038FEAD28306C0D00715D54 /* SettingsTableViewCell.swift */,
				AFD43BE1288F5E3C00D1377E /* SettingsAndPrivacyView */,
			);
			path = SettingsView;
			sourceTree = "<group>";
		};
		AFD43BE1288F5E3C00D1377E /* SettingsAndPrivacyView */ = {
			isa = PBXGroup;
			children = (
				AFFFD4AB2888F87900270E6E /* SettingsAndPrivacyViewModel.swift */,
				AF8C41B9283582040005E023 /* SettingsAndPrivacyTableViewCell.swift */,
				AF8C41B6283581130005E023 /* SettingsAndPrivacyViewController.swift */,
			);
			path = SettingsAndPrivacyView;
			sourceTree = "<group>";
		};
		AFD43BE2288F5E5300D1377E /* ProfileView */ = {
			isa = PBXGroup;
			children = (
				AFCEE1CA28898F7E00B6D187 /* ProfileViewController.swift */,
				AFA5E9F22891E9CA00092DBC /* ProfileCoordinator.swift */,
				AFA5E9F42891ED4500092DBC /* TweetProfileCoordinator.swift */,
				AFBC2FC6288F6F540012120D /* ProfileViewModel.swift */,
				AFCEE1CC288993D800B6D187 /* ProfileHeaderView.swift */,
				AF37160D2889CA06000519D7 /* ProfileHeaderViewModel.swift */,
				AFCEE1CE28899CBE00B6D187 /* EditProfileViewController.swift */,
			);
			path = ProfileView;
			sourceTree = "<group>";
		};
		AFD43BE3288F5EA100D1377E /* TweetView */ = {
			isa = PBXGroup;
			children = (
				AF1B4C19283EE93100AC2510 /* SelectedTweetViewController.swift */,
				AF1B4C1B283EEBEB00AC2510 /* SelectedTweetHeaderTableViewCell.swift */,
				AF2153EC2888FF4A00766354 /* TweetViewModel.swift */,
				AFD853C22825784E00D080D4 /* TweetTableViewCell.swift */,
				708C50F128317A2200978DD6 /* AddTweetViewController.swift */,
				708C50F32831A0E200978DD6 /* AddCommentViewController.swift */,
			);
			path = TweetView;
			sourceTree = "<group>";
		};
		AFD43BE4288F5EEB00D1377E /* OnboardingViews */ = {
			isa = PBXGroup;
			children = (
				AFCC323528380F3600C0B01C /* RegisterViewController.swift */,
				AFCC323328380F2600C0B01C /* LoginViewController.swift */,
			);
			path = OnboardingViews;
			sourceTree = "<group>";
		};
		AFD43BE5288F5F4700D1377E /* Launch */ = {
			isa = PBXGroup;
			children = (
				AFDBA2262824B98B00085DDC /* AppDelegate.swift */,
				AFDBA2282824B98B00085DDC /* SceneDelegate.swift */,
				AFDBA2342824B98D00085DDC /* LaunchScreen.storyboard */,
			);
			path = Launch;
			sourceTree = "<group>";
		};
		AFD853B82825631C00D080D4 /* Managers */ = {
			isa = PBXGroup;
			children = (
				AFDBC422283BBAB700F4ED7D /* StorageManager.swift */,
				AFDBC420283BBA9700F4ED7D /* DatabaseManager.swift */,
				AFDBC41E283BBA7B00F4ED7D /* AuthManager.swift */,
				AFD853B92825632E00D080D4 /* APICaller.swift */,
			);
			path = Managers;
			sourceTree = "<group>";
		};
		AFD853BB2825680600D080D4 /* Models */ = {
			isa = PBXGroup;
			children = (
				AFD853BC2825682800D080D4 /* Response.swift */,
				3BC26E0A282970C400A56D5C /* UserModels.swift */,
			);
			path = Models;
			sourceTree = "<group>";
		};
		AFDBA21A2824B98B00085DDC = {
			isa = PBXGroup;
			children = (
				AFDBA2252824B98B00085DDC /* TwitterClone */,
				AFDBA2242824B98B00085DDC /* Products */,
				BF372C8DE1911D07955B9D60 /* Pods */,
				44FE34073B67F1FCD04B50BA /* Frameworks */,
			);
			sourceTree = "<group>";
		};
		AFDBA2242824B98B00085DDC /* Products */ = {
			isa = PBXGroup;
			children = (
				AFDBA2232824B98B00085DDC /* TwitterClone.app */,
			);
			name = Products;
			sourceTree = "<group>";
		};
		AFDBA2252824B98B00085DDC /* TwitterClone */ = {
			isa = PBXGroup;
			children = (
				AFC0EAC828916E8D00C498AE /* Coordinator */,
				AFD43BE4288F5EEB00D1377E /* OnboardingViews */,
				AFD43BE3288F5EA100D1377E /* TweetView */,
				AFD43BE2288F5E5300D1377E /* ProfileView */,
				AFD43BE0288F5DC300D1377E /* SettingsView */,
				AFD43BDF288F5D9F00D1377E /* SearchView */,
				AFD43BDE288F5D7300D1377E /* NotificationsView */,
				AFC9877A288F5C3400B2DAF8 /* HomeView */,
				AF2DED742824BC71002E9264 /* TabBarView */,
				AF8C41B8283581D00005E023 /* CustomViews */,
				AFD853BB2825680600D080D4 /* Models */,
				AFD853B82825631C00D080D4 /* Managers */,
				3BC26E03282949BA00A56D5C /* Resources */,
				AFD43BE5288F5F4700D1377E /* Launch */,
				AFDBA2372824B98D00085DDC /* Info.plist */,
			);
			path = TwitterClone;
			sourceTree = "<group>";
		};
		BF372C8DE1911D07955B9D60 /* Pods */ = {
			isa = PBXGroup;
			children = (
				032B1A41E04188B284511625 /* Pods-TwitterClone.debug.xcconfig */,
				BECF0032A00C884C702B85E0 /* Pods-TwitterClone.release.xcconfig */,
			);
			path = Pods;
			sourceTree = "<group>";
		};
/* End PBXGroup section */

/* Begin PBXNativeTarget section */
		AFDBA2222824B98B00085DDC /* TwitterClone */ = {
			isa = PBXNativeTarget;
			buildConfigurationList = AFDBA23A2824B98D00085DDC /* Build configuration list for PBXNativeTarget "TwitterClone" */;
			buildPhases = (
				CAF52B1E9382E3D2F3F5B441 /* [CP] Check Pods Manifest.lock */,
				AFDBA21F2824B98B00085DDC /* Sources */,
				AFDBA2202824B98B00085DDC /* Frameworks */,
				AFDBA2212824B98B00085DDC /* Resources */,
				18EA99DD99BB762D21E7AF09 /* [CP] Embed Pods Frameworks */,
			);
			buildRules = (
			);
			dependencies = (
			);
			name = TwitterClone;
			productName = TwitterClone;
			productReference = AFDBA2232824B98B00085DDC /* TwitterClone.app */;
			productType = "com.apple.product-type.application";
		};
/* End PBXNativeTarget section */

/* Begin PBXProject section */
		AFDBA21B2824B98B00085DDC /* Project object */ = {
			isa = PBXProject;
			attributes = {
				BuildIndependentTargetsInParallel = 1;
				LastSwiftUpdateCheck = 1320;
				LastUpgradeCheck = 1320;
				TargetAttributes = {
					AFDBA2222824B98B00085DDC = {
						CreatedOnToolsVersion = 13.2.1;
					};
				};
			};
			buildConfigurationList = AFDBA21E2824B98B00085DDC /* Build configuration list for PBXProject "TwitterClone" */;
			compatibilityVersion = "Xcode 13.0";
			developmentRegion = en;
			hasScannedForEncodings = 0;
			knownRegions = (
				en,
				Base,
			);
			mainGroup = AFDBA21A2824B98B00085DDC;
			productRefGroup = AFDBA2242824B98B00085DDC /* Products */;
			projectDirPath = "";
			projectRoot = "";
			targets = (
				AFDBA2222824B98B00085DDC /* TwitterClone */,
			);
		};
/* End PBXProject section */

/* Begin PBXResourcesBuildPhase section */
		AFDBA2212824B98B00085DDC /* Resources */ = {
			isa = PBXResourcesBuildPhase;
			buildActionMask = 2147483647;
			files = (
				AFDBA2362824B98D00085DDC /* LaunchScreen.storyboard in Resources */,
				AFD6123128380C5A002A297C /* GoogleService-Info.plist in Resources */,
				AFDBA2332824B98D00085DDC /* Assets.xcassets in Resources */,
			);
			runOnlyForDeploymentPostprocessing = 0;
		};
/* End PBXResourcesBuildPhase section */

/* Begin PBXShellScriptBuildPhase section */
		18EA99DD99BB762D21E7AF09 /* [CP] Embed Pods Frameworks */ = {
			isa = PBXShellScriptBuildPhase;
			buildActionMask = 2147483647;
			files = (
			);
			inputFileListPaths = (
				"${PODS_ROOT}/Target Support Files/Pods-TwitterClone/Pods-TwitterClone-frameworks-${CONFIGURATION}-input-files.xcfilelist",
			);
			name = "[CP] Embed Pods Frameworks";
			outputFileListPaths = (
				"${PODS_ROOT}/Target Support Files/Pods-TwitterClone/Pods-TwitterClone-frameworks-${CONFIGURATION}-output-files.xcfilelist",
			);
			runOnlyForDeploymentPostprocessing = 0;
			shellPath = /bin/sh;
			shellScript = "\"${PODS_ROOT}/Target Support Files/Pods-TwitterClone/Pods-TwitterClone-frameworks.sh\"\n";
			showEnvVarsInLog = 0;
		};
		CAF52B1E9382E3D2F3F5B441 /* [CP] Check Pods Manifest.lock */ = {
			isa = PBXShellScriptBuildPhase;
			buildActionMask = 2147483647;
			files = (
			);
			inputFileListPaths = (
			);
			inputPaths = (
				"${PODS_PODFILE_DIR_PATH}/Podfile.lock",
				"${PODS_ROOT}/Manifest.lock",
			);
			name = "[CP] Check Pods Manifest.lock";
			outputFileListPaths = (
			);
			outputPaths = (
				"$(DERIVED_FILE_DIR)/Pods-TwitterClone-checkManifestLockResult.txt",
			);
			runOnlyForDeploymentPostprocessing = 0;
			shellPath = /bin/sh;
			shellScript = "diff \"${PODS_PODFILE_DIR_PATH}/Podfile.lock\" \"${PODS_ROOT}/Manifest.lock\" > /dev/null\nif [ $? != 0 ] ; then\n    # print error to STDERR\n    echo \"error: The sandbox is not in sync with the Podfile.lock. Run 'pod install' or update your CocoaPods installation.\" >&2\n    exit 1\nfi\n# This output is used by Xcode 'outputs' to avoid re-running this script phase.\necho \"SUCCESS\" > \"${SCRIPT_OUTPUT_FILE_0}\"\n";
			showEnvVarsInLog = 0;
		};
/* End PBXShellScriptBuildPhase section */

/* Begin PBXSourcesBuildPhase section */
		AFDBA21F2824B98B00085DDC /* Sources */ = {
			isa = PBXSourcesBuildPhase;
			buildActionMask = 2147483647;
			files = (
				AFCC323428380F2700C0B01C /* LoginViewController.swift in Sources */,
				AFC0EAD2289177C900C498AE /* SearchCoordinator.swift in Sources */,
				AFD853C32825784E00D080D4 /* TweetTableViewCell.swift in Sources */,
				7038FEAC28305E4E00715D54 /* Extensions.swift in Sources */,
				AF8C41B7283581130005E023 /* SettingsAndPrivacyViewController.swift in Sources */,
				AF2DED7A2824BD58002E9264 /* SearchViewController.swift in Sources */,
				AFDC2C772869D6BA007DCDF5 /* NotificationViewModel.swift in Sources */,
				AFDBA2312824B98B00085DDC /* TwitterClone.xcdatamodeld in Sources */,
				AFC0EACC28916F4700C498AE /* HomeCoordinator.swift in Sources */,
				AFCEE1CD288993D800B6D187 /* ProfileHeaderView.swift in Sources */,
				AF1B4C1A283EE93100AC2510 /* SelectedTweetViewController.swift in Sources */,
				7038FEAE28306C0D00715D54 /* SettingsTableViewCell.swift in Sources */,
				3BC26E092829528C00A56D5C /* SearchResultsViewController.swift in Sources */,
				7038FEAA2830597200715D54 /* SettingsHeaderView.swift in Sources */,
				AFA5E9F52891ED4500092DBC /* TweetProfileCoordinator.swift in Sources */,
				AFD853BD2825682800D080D4 /* Response.swift in Sources */,
				AFD853BA2825632E00D080D4 /* APICaller.swift in Sources */,
				AFCEE1CF28899CBE00B6D187 /* EditProfileViewController.swift in Sources */,
				AFDBA2272824B98B00085DDC /* AppDelegate.swift in Sources */,
				AF2DED762824BCCF002E9264 /* TabBarViewController.swift in Sources */,
				AF8C41BA283582040005E023 /* SettingsAndPrivacyTableViewCell.swift in Sources */,
				AF37160E2889CA06000519D7 /* ProfileHeaderViewModel.swift in Sources */,
				708C50F228317A2200978DD6 /* AddTweetViewController.swift in Sources */,
				AF0FFFC028370F5D005406D1 /* Notifications_Mentions_TableViewCell.swift in Sources */,
				3BC26E0B282970C400A56D5C /* UserModels.swift in Sources */,
				AFDBC41F283BBA7B00F4ED7D /* AuthManager.swift in Sources */,
				705E79AB2867BD87003AEA17 /* HomeVCViewModel.swift in Sources */,
				AFC0EACE2891747600C498AE /* MainTabBarController.swift in Sources */,
				AFDBA2292824B98B00085DDC /* SceneDelegate.swift in Sources */,
				AF76FDA428901E59005B09A6 /* CustomButton.swift in Sources */,
				AF2DED782824BD4A002E9264 /* HomeViewController.swift in Sources */,
				3BC26E05282949D000A56D5C /* Constants.swift in Sources */,
				AFBC2FCB288F70DB0012120D /* SearchViewModel.swift in Sources */,
				AF2DED7C2824BD84002E9264 /* NotificationsViewController.swift in Sources */,
				AFA5E9F32891E9CA00092DBC /* ProfileCoordinator.swift in Sources */,
				708C50F42831A0E200978DD6 /* AddCommentViewController.swift in Sources */,
				AF6A444628366BAC001F0018 /* NotificationsHeaderView.swift in Sources */,
				AFC809E82888263600B90540 /* CustomTextField.swift in Sources */,
				AF6A444828368069001F0018 /* NotificationEmptyStateView.swift in Sources */,
				AFC0EACA28916EA200C498AE /* CoordinatorProtocol.swift in Sources */,
				AFDAF8272889C23200F2BBA0 /* CustomLabel.swift in Sources */,
				AF76FDA6289021FC005B09A6 /* CustomImageView.swift in Sources */,
				AF1B4C1C283EEBEB00AC2510 /* SelectedTweetHeaderTableViewCell.swift in Sources */,
				AFDBC421283BBA9700F4ED7D /* DatabaseManager.swift in Sources */,
				AF0FFFBE28370F4A005406D1 /* Notifications_All_TableViewCell.swift in Sources */,
				AF2153ED2888FF4A00766354 /* TweetViewModel.swift in Sources */,
				AF2DED7E2824BD98002E9264 /* SettingsViewController.swift in Sources */,
				AFBC2FC7288F6F550012120D /* ProfileViewModel.swift in Sources */,
				AFCC323628380F3600C0B01C /* RegisterViewController.swift in Sources */,
				AFDBC423283BBAB700F4ED7D /* StorageManager.swift in Sources */,
				AFBC2FC9288F70080012120D /* SettingsHeaderViewModel.swift in Sources */,
				AFC0EAD42891784100C498AE /* SettingsCoordinator.swift in Sources */,
				AFCEE1CB28898F7E00B6D187 /* ProfileViewController.swift in Sources */,
				AFFFD4AC2888F87900270E6E /* SettingsAndPrivacyViewModel.swift in Sources */,
				AFE173E62888CC70004EACB7 /* SettingsViewModel.swift in Sources */,
				AFC0EAD0289176C300C498AE /* NotificationsCoordinator.swift in Sources */,
			);
			runOnlyForDeploymentPostprocessing = 0;
		};
/* End PBXSourcesBuildPhase section */

/* Begin PBXVariantGroup section */
		AFDBA2342824B98D00085DDC /* LaunchScreen.storyboard */ = {
			isa = PBXVariantGroup;
			children = (
				AFDBA2352824B98D00085DDC /* Base */,
			);
			name = LaunchScreen.storyboard;
			sourceTree = "<group>";
		};
/* End PBXVariantGroup section */

/* Begin XCBuildConfiguration section */
		AFDBA2382824B98D00085DDC /* Debug */ = {
			isa = XCBuildConfiguration;
			buildSettings = {
				ALWAYS_SEARCH_USER_PATHS = NO;
				CLANG_ANALYZER_NONNULL = YES;
				CLANG_ANALYZER_NUMBER_OBJECT_CONVERSION = YES_AGGRESSIVE;
				CLANG_CXX_LANGUAGE_STANDARD = "gnu++17";
				CLANG_CXX_LIBRARY = "libc++";
				CLANG_ENABLE_MODULES = YES;
				CLANG_ENABLE_OBJC_ARC = YES;
				CLANG_ENABLE_OBJC_WEAK = YES;
				CLANG_WARN_BLOCK_CAPTURE_AUTORELEASING = YES;
				CLANG_WARN_BOOL_CONVERSION = YES;
				CLANG_WARN_COMMA = YES;
				CLANG_WARN_CONSTANT_CONVERSION = YES;
				CLANG_WARN_DEPRECATED_OBJC_IMPLEMENTATIONS = YES;
				CLANG_WARN_DIRECT_OBJC_ISA_USAGE = YES_ERROR;
				CLANG_WARN_DOCUMENTATION_COMMENTS = YES;
				CLANG_WARN_EMPTY_BODY = YES;
				CLANG_WARN_ENUM_CONVERSION = YES;
				CLANG_WARN_INFINITE_RECURSION = YES;
				CLANG_WARN_INT_CONVERSION = YES;
				CLANG_WARN_NON_LITERAL_NULL_CONVERSION = YES;
				CLANG_WARN_OBJC_IMPLICIT_RETAIN_SELF = YES;
				CLANG_WARN_OBJC_LITERAL_CONVERSION = YES;
				CLANG_WARN_OBJC_ROOT_CLASS = YES_ERROR;
				CLANG_WARN_QUOTED_INCLUDE_IN_FRAMEWORK_HEADER = YES;
				CLANG_WARN_RANGE_LOOP_ANALYSIS = YES;
				CLANG_WARN_STRICT_PROTOTYPES = YES;
				CLANG_WARN_SUSPICIOUS_MOVE = YES;
				CLANG_WARN_UNGUARDED_AVAILABILITY = YES_AGGRESSIVE;
				CLANG_WARN_UNREACHABLE_CODE = YES;
				CLANG_WARN__DUPLICATE_METHOD_MATCH = YES;
				COPY_PHASE_STRIP = NO;
				DEBUG_INFORMATION_FORMAT = dwarf;
				ENABLE_STRICT_OBJC_MSGSEND = YES;
				ENABLE_TESTABILITY = YES;
				GCC_C_LANGUAGE_STANDARD = gnu11;
				GCC_DYNAMIC_NO_PIC = NO;
				GCC_NO_COMMON_BLOCKS = YES;
				GCC_OPTIMIZATION_LEVEL = 0;
				GCC_PREPROCESSOR_DEFINITIONS = (
					"DEBUG=1",
					"$(inherited)",
				);
				GCC_WARN_64_TO_32_BIT_CONVERSION = YES;
				GCC_WARN_ABOUT_RETURN_TYPE = YES_ERROR;
				GCC_WARN_UNDECLARED_SELECTOR = YES;
				GCC_WARN_UNINITIALIZED_AUTOS = YES_AGGRESSIVE;
				GCC_WARN_UNUSED_FUNCTION = YES;
				GCC_WARN_UNUSED_VARIABLE = YES;
				IPHONEOS_DEPLOYMENT_TARGET = 15.2;
				MTL_ENABLE_DEBUG_INFO = INCLUDE_SOURCE;
				MTL_FAST_MATH = YES;
				ONLY_ACTIVE_ARCH = YES;
				SDKROOT = iphoneos;
				SWIFT_ACTIVE_COMPILATION_CONDITIONS = DEBUG;
				SWIFT_OPTIMIZATION_LEVEL = "-Onone";
			};
			name = Debug;
		};
		AFDBA2392824B98D00085DDC /* Release */ = {
			isa = XCBuildConfiguration;
			buildSettings = {
				ALWAYS_SEARCH_USER_PATHS = NO;
				CLANG_ANALYZER_NONNULL = YES;
				CLANG_ANALYZER_NUMBER_OBJECT_CONVERSION = YES_AGGRESSIVE;
				CLANG_CXX_LANGUAGE_STANDARD = "gnu++17";
				CLANG_CXX_LIBRARY = "libc++";
				CLANG_ENABLE_MODULES = YES;
				CLANG_ENABLE_OBJC_ARC = YES;
				CLANG_ENABLE_OBJC_WEAK = YES;
				CLANG_WARN_BLOCK_CAPTURE_AUTORELEASING = YES;
				CLANG_WARN_BOOL_CONVERSION = YES;
				CLANG_WARN_COMMA = YES;
				CLANG_WARN_CONSTANT_CONVERSION = YES;
				CLANG_WARN_DEPRECATED_OBJC_IMPLEMENTATIONS = YES;
				CLANG_WARN_DIRECT_OBJC_ISA_USAGE = YES_ERROR;
				CLANG_WARN_DOCUMENTATION_COMMENTS = YES;
				CLANG_WARN_EMPTY_BODY = YES;
				CLANG_WARN_ENUM_CONVERSION = YES;
				CLANG_WARN_INFINITE_RECURSION = YES;
				CLANG_WARN_INT_CONVERSION = YES;
				CLANG_WARN_NON_LITERAL_NULL_CONVERSION = YES;
				CLANG_WARN_OBJC_IMPLICIT_RETAIN_SELF = YES;
				CLANG_WARN_OBJC_LITERAL_CONVERSION = YES;
				CLANG_WARN_OBJC_ROOT_CLASS = YES_ERROR;
				CLANG_WARN_QUOTED_INCLUDE_IN_FRAMEWORK_HEADER = YES;
				CLANG_WARN_RANGE_LOOP_ANALYSIS = YES;
				CLANG_WARN_STRICT_PROTOTYPES = YES;
				CLANG_WARN_SUSPICIOUS_MOVE = YES;
				CLANG_WARN_UNGUARDED_AVAILABILITY = YES_AGGRESSIVE;
				CLANG_WARN_UNREACHABLE_CODE = YES;
				CLANG_WARN__DUPLICATE_METHOD_MATCH = YES;
				COPY_PHASE_STRIP = NO;
				DEBUG_INFORMATION_FORMAT = "dwarf-with-dsym";
				ENABLE_NS_ASSERTIONS = NO;
				ENABLE_STRICT_OBJC_MSGSEND = YES;
				GCC_C_LANGUAGE_STANDARD = gnu11;
				GCC_NO_COMMON_BLOCKS = YES;
				GCC_WARN_64_TO_32_BIT_CONVERSION = YES;
				GCC_WARN_ABOUT_RETURN_TYPE = YES_ERROR;
				GCC_WARN_UNDECLARED_SELECTOR = YES;
				GCC_WARN_UNINITIALIZED_AUTOS = YES_AGGRESSIVE;
				GCC_WARN_UNUSED_FUNCTION = YES;
				GCC_WARN_UNUSED_VARIABLE = YES;
				IPHONEOS_DEPLOYMENT_TARGET = 15.2;
				MTL_ENABLE_DEBUG_INFO = NO;
				MTL_FAST_MATH = YES;
				SDKROOT = iphoneos;
				SWIFT_COMPILATION_MODE = wholemodule;
				SWIFT_OPTIMIZATION_LEVEL = "-O";
				VALIDATE_PRODUCT = YES;
			};
			name = Release;
		};
		AFDBA23B2824B98D00085DDC /* Debug */ = {
			isa = XCBuildConfiguration;
			baseConfigurationReference = 032B1A41E04188B284511625 /* Pods-TwitterClone.debug.xcconfig */;
			buildSettings = {
				ASSETCATALOG_COMPILER_APPICON_NAME = AppIcon;
				ASSETCATALOG_COMPILER_GLOBAL_ACCENT_COLOR_NAME = AccentColor;
				CODE_SIGN_STYLE = Automatic;
				CURRENT_PROJECT_VERSION = 1;
				DEVELOPMENT_TEAM = RRG4UPX9CR;
				GENERATE_INFOPLIST_FILE = YES;
				INFOPLIST_FILE = TwitterClone/Info.plist;
				INFOPLIST_KEY_UIApplicationSupportsIndirectInputEvents = YES;
				INFOPLIST_KEY_UILaunchStoryboardName = LaunchScreen;
				INFOPLIST_KEY_UISupportedInterfaceOrientations = UIInterfaceOrientationPortrait;
				INFOPLIST_KEY_UISupportedInterfaceOrientations_iPad = "UIInterfaceOrientationPortrait UIInterfaceOrientationPortraitUpsideDown UIInterfaceOrientationLandscapeLeft UIInterfaceOrientationLandscapeRight";
				INFOPLIST_KEY_UISupportedInterfaceOrientations_iPhone = "UIInterfaceOrientationPortrait UIInterfaceOrientationLandscapeLeft UIInterfaceOrientationLandscapeRight";
				LD_RUNPATH_SEARCH_PATHS = (
					"$(inherited)",
					"@executable_path/Frameworks",
				);
				MARKETING_VERSION = 1.0;
				PRODUCT_BUNDLE_IDENTIFIER = com.calebngai.TwitterClone;
				PRODUCT_NAME = "$(TARGET_NAME)";
				SWIFT_EMIT_LOC_STRINGS = YES;
				SWIFT_VERSION = 5.0;
				TARGETED_DEVICE_FAMILY = 1;
			};
			name = Debug;
		};
		AFDBA23C2824B98D00085DDC /* Release */ = {
			isa = XCBuildConfiguration;
			baseConfigurationReference = BECF0032A00C884C702B85E0 /* Pods-TwitterClone.release.xcconfig */;
			buildSettings = {
				ASSETCATALOG_COMPILER_APPICON_NAME = AppIcon;
				ASSETCATALOG_COMPILER_GLOBAL_ACCENT_COLOR_NAME = AccentColor;
				CODE_SIGN_STYLE = Automatic;
				CURRENT_PROJECT_VERSION = 1;
				DEVELOPMENT_TEAM = RRG4UPX9CR;
				GENERATE_INFOPLIST_FILE = YES;
				INFOPLIST_FILE = TwitterClone/Info.plist;
				INFOPLIST_KEY_UIApplicationSupportsIndirectInputEvents = YES;
				INFOPLIST_KEY_UILaunchStoryboardName = LaunchScreen;
				INFOPLIST_KEY_UISupportedInterfaceOrientations = UIInterfaceOrientationPortrait;
				INFOPLIST_KEY_UISupportedInterfaceOrientations_iPad = "UIInterfaceOrientationPortrait UIInterfaceOrientationPortraitUpsideDown UIInterfaceOrientationLandscapeLeft UIInterfaceOrientationLandscapeRight";
				INFOPLIST_KEY_UISupportedInterfaceOrientations_iPhone = "UIInterfaceOrientationPortrait UIInterfaceOrientationLandscapeLeft UIInterfaceOrientationLandscapeRight";
				LD_RUNPATH_SEARCH_PATHS = (
					"$(inherited)",
					"@executable_path/Frameworks",
				);
				MARKETING_VERSION = 1.0;
				PRODUCT_BUNDLE_IDENTIFIER = com.calebngai.TwitterClone;
				PRODUCT_NAME = "$(TARGET_NAME)";
				SWIFT_EMIT_LOC_STRINGS = YES;
				SWIFT_VERSION = 5.0;
				TARGETED_DEVICE_FAMILY = 1;
			};
			name = Release;
		};
/* End XCBuildConfiguration section */

/* Begin XCConfigurationList section */
		AFDBA21E2824B98B00085DDC /* Build configuration list for PBXProject "TwitterClone" */ = {
			isa = XCConfigurationList;
			buildConfigurations = (
				AFDBA2382824B98D00085DDC /* Debug */,
				AFDBA2392824B98D00085DDC /* Release */,
			);
			defaultConfigurationIsVisible = 0;
			defaultConfigurationName = Release;
		};
		AFDBA23A2824B98D00085DDC /* Build configuration list for PBXNativeTarget "TwitterClone" */ = {
			isa = XCConfigurationList;
			buildConfigurations = (
				AFDBA23B2824B98D00085DDC /* Debug */,
				AFDBA23C2824B98D00085DDC /* Release */,
			);
			defaultConfigurationIsVisible = 0;
			defaultConfigurationName = Release;
		};
/* End XCConfigurationList section */

/* Begin XCVersionGroup section */
		AFDBA22F2824B98B00085DDC /* TwitterClone.xcdatamodeld */ = {
			isa = XCVersionGroup;
			children = (
				AFDBA2302824B98B00085DDC /* TwitterClone.xcdatamodel */,
			);
			currentVersion = AFDBA2302824B98B00085DDC /* TwitterClone.xcdatamodel */;
			path = TwitterClone.xcdatamodeld;
			sourceTree = "<group>";
			versionGroupType = wrapper.xcdatamodel;
		};
/* End XCVersionGroup section */
	};
	rootObject = AFDBA21B2824B98B00085DDC /* Project object */;
}
